
Microsoft Visual Studio Solution File, Format Version 12.00
# Visual Studio 15
VisualStudioVersion = 15.0.28307.1433
MinimumVisualStudioVersion = 10.0.40219.1
Project("{FAE04EC0-301F-11D3-BF4B-00C04F79EFBC}") = "CombinedHashingTool", "CombinedHashingTool\CombinedHashingTool.csproj", "{09C02747-345F-4A14-8ABA-F448F3160332}"
EndProject
Global
	GlobalSection(SolutionConfigurationPlatforms) = preSolution
		Debug|Any CPU = Debug|Any CPU
		Release|Any CPU = Release|Any CPU
	EndGlobalSection
	GlobalSection(ProjectConfigurationPlatforms) = postSolution
		{09C02747-345F-4A14-8ABA-F448F3160332}.Debug|Any CPU.ActiveCfg = Debug|Any CPU
		{09C02747-345F-4A14-8ABA-F448F3160332}.Debug|Any CPU.Build.0 = Debug|Any CPU
		{09C02747-345F-4A14-8ABA-F448F3160332}.Release|Any CPU.ActiveCfg = Release|Any CPU
		{09C02747-345F-4A14-8ABA-F448F3160332}.Release|Any CPU.Build.0 = Release|Any CPU
	EndGlobalSection
	GlobalSection(SolutionProperties) = preSolution
		HideSolutionNode = FALSE
	EndGlobalSection
	GlobalSection(ExtensibilityGlobals) = postSolution
		SolutionGuid = {0409E2B0-6F62-4BE1-9B07-488068C44557}
	EndGlobalSection
EndGlobal
